// !$*UTF8*$!
{
	archiveVersion = 1;
	classes = {
	};
	objectVersion = 46;
	objects = {

/* Begin PBXBuildFile section */
		A027B4481BEAE6B0007EE0D9 /* main.m in Sources */ = {isa = PBXBuildFile; fileRef = A027B4471BEAE6B0007EE0D9 /* main.m */; };
		A027B44B1BEAE6B0007EE0D9 /* AppDelegate.m in Sources */ = {isa = PBXBuildFile; fileRef = A027B44A1BEAE6B0007EE0D9 /* AppDelegate.m */; };
		A027B4531BEAE6B0007EE0D9 /* Assets.xcassets in Resources */ = {isa = PBXBuildFile; fileRef = A027B4521BEAE6B0007EE0D9 /* Assets.xcassets */; };
		A027B4561BEAE6B0007EE0D9 /* LaunchScreen.storyboard in Resources */ = {isa = PBXBuildFile; fileRef = A027B4541BEAE6B0007EE0D9 /* LaunchScreen.storyboard */; };
		A027B4611BEAE6B0007EE0D9 /* ViewToolProductTests.m in Sources */ = {isa = PBXBuildFile; fileRef = A027B4601BEAE6B0007EE0D9 /* ViewToolProductTests.m */; };
		A027B46C1BEAE6B0007EE0D9 /* ViewToolProductUITests.m in Sources */ = {isa = PBXBuildFile; fileRef = A027B46B1BEAE6B0007EE0D9 /* ViewToolProductUITests.m */; };
		A027B47C1BEAE6F2007EE0D9 /* HomeViewController.m in Sources */ = {isa = PBXBuildFile; fileRef = A027B47B1BEAE6F2007EE0D9 /* HomeViewController.m */; };
		A070C1151BEAE8A100C52EF5 /* CalculatorViewController.m in Sources */ = {isa = PBXBuildFile; fileRef = A070C1141BEAE8A100C52EF5 /* CalculatorViewController.m */; };
		A070C11B1BEAECE600C52EF5 /* CalculatorCell.m in Sources */ = {isa = PBXBuildFile; fileRef = A070C11A1BEAECE600C52EF5 /* CalculatorCell.m */; };
		B04EEB1C1D14F5960042E1DC /* ExpandTextView.m in Sources */ = {isa = PBXBuildFile; fileRef = B04EEB1B1D14F5960042E1DC /* ExpandTextView.m */; };
		B04EEB1F1D14F5B50042E1DC /* ShowTextViewVC.m in Sources */ = {isa = PBXBuildFile; fileRef = B04EEB1E1D14F5B50042E1DC /* ShowTextViewVC.m */; };
/* End PBXBuildFile section */

/* Begin PBXContainerItemProxy section */
		A027B45D1BEAE6B0007EE0D9 /* PBXContainerItemProxy */ = {
			isa = PBXContainerItemProxy;
			containerPortal = A027B43B1BEAE6B0007EE0D9 /* Project object */;
			proxyType = 1;
			remoteGlobalIDString = A027B4421BEAE6B0007EE0D9;
			remoteInfo = ViewToolProduct;
		};
		A027B4681BEAE6B0007EE0D9 /* PBXContainerItemProxy */ = {
			isa = PBXContainerItemProxy;
			containerPortal = A027B43B1BEAE6B0007EE0D9 /* Project object */;
			proxyType = 1;
			remoteGlobalIDString = A027B4421BEAE6B0007EE0D9;
			remoteInfo = ViewToolProduct;
		};
/* End PBXContainerItemProxy section */

/* Begin PBXFileReference section */
		A027B4431BEAE6B0007EE0D9 /* ViewToolProduct.app */ = {isa = PBXFileReference; explicitFileType = wrapper.application; includeInIndex = 0; path = ViewToolProduct.app; sourceTree = BUILT_PRODUCTS_DIR; };
		A027B4471BEAE6B0007EE0D9 /* main.m */ = {isa = PBXFileReference; lastKnownFileType = sourcecode.c.objc; path = main.m; sourceTree = "<group>"; };
		A027B4491BEAE6B0007EE0D9 /* AppDelegate.h */ = {isa = PBXFileReference; lastKnownFileType = sourcecode.c.h; path = AppDelegate.h; sourceTree = "<group>"; };
		A027B44A1BEAE6B0007EE0D9 /* AppDelegate.m */ = {isa = PBXFileReference; lastKnownFileType = sourcecode.c.objc; path = AppDelegate.m; sourceTree = "<group>"; };
		A027B4521BEAE6B0007EE0D9 /* Assets.xcassets */ = {isa = PBXFileReference; lastKnownFileType = folder.assetcatalog; path = Assets.xcassets; sourceTree = "<group>"; };
		A027B4551BEAE6B0007EE0D9 /* Base */ = {isa = PBXFileReference; lastKnownFileType = file.storyboard; name = Base; path = Base.lproj/LaunchScreen.storyboard; sourceTree = "<group>"; };
		A027B4571BEAE6B0007EE0D9 /* Info.plist */ = {isa = PBXFileReference; lastKnownFileType = text.plist.xml; path = Info.plist; sourceTree = "<group>"; };
		A027B45C1BEAE6B0007EE0D9 /* ViewToolProductTests.xctest */ = {isa = PBXFileReference; explicitFileType = wrapper.cfbundle; includeInIndex = 0; path = ViewToolProductTests.xctest; sourceTree = BUILT_PRODUCTS_DIR; };
		A027B4601BEAE6B0007EE0D9 /* ViewToolProductTests.m */ = {isa = PBXFileReference; lastKnownFileType = sourcecode.c.objc; path = ViewToolProductTests.m; sourceTree = "<group>"; };
		A027B4621BEAE6B0007EE0D9 /* Info.plist */ = {isa = PBXFileReference; lastKnownFileType = text.plist.xml; path = Info.plist; sourceTree = "<group>"; };
		A027B4671BEAE6B0007EE0D9 /* ViewToolProductUITests.xctest */ = {isa = PBXFileReference; explicitFileType = wrapper.cfbundle; includeInIndex = 0; path = ViewToolProductUITests.xctest; sourceTree = BUILT_PRODUCTS_DIR; };
		A027B46B1BEAE6B0007EE0D9 /* ViewToolProductUITests.m */ = {isa = PBXFileReference; lastKnownFileType = sourcecode.c.objc; path = ViewToolProductUITests.m; sourceTree = "<group>"; };
		A027B46D1BEAE6B0007EE0D9 /* Info.plist */ = {isa = PBXFileReference; lastKnownFileType = text.plist.xml; path = Info.plist; sourceTree = "<group>"; };
		A027B47A1BEAE6F2007EE0D9 /* HomeViewController.h */ = {isa = PBXFileReference; fileEncoding = 4; lastKnownFileType = sourcecode.c.h; path = HomeViewController.h; sourceTree = "<group>"; };
		A027B47B1BEAE6F2007EE0D9 /* HomeViewController.m */ = {isa = PBXFileReference; fileEncoding = 4; lastKnownFileType = sourcecode.c.objc; path = HomeViewController.m; sourceTree = "<group>"; };
		A070C1131BEAE8A100C52EF5 /* CalculatorViewController.h */ = {isa = PBXFileReference; fileEncoding = 4; lastKnownFileType = sourcecode.c.h; path = CalculatorViewController.h; sourceTree = "<group>"; };
		A070C1141BEAE8A100C52EF5 /* CalculatorViewController.m */ = {isa = PBXFileReference; fileEncoding = 4; lastKnownFileType = sourcecode.c.objc; path = CalculatorViewController.m; sourceTree = "<group>"; };
		A070C1171BEAEB7500C52EF5 /* Common.h */ = {isa = PBXFileReference; fileEncoding = 4; lastKnownFileType = sourcecode.c.h; path = Common.h; sourceTree = "<group>"; };
		A070C1191BEAECE600C52EF5 /* CalculatorCell.h */ = {isa = PBXFileReference; fileEncoding = 4; lastKnownFileType = sourcecode.c.h; path = CalculatorCell.h; sourceTree = "<group>"; };
		A070C11A1BEAECE600C52EF5 /* CalculatorCell.m */ = {isa = PBXFileReference; fileEncoding = 4; lastKnownFileType = sourcecode.c.objc; path = CalculatorCell.m; sourceTree = "<group>"; };
		B04EEB1A1D14F5960042E1DC /* ExpandTextView.h */ = {isa = PBXFileReference; fileEncoding = 4; lastKnownFileType = sourcecode.c.h; path = ExpandTextView.h; sourceTree = "<group>"; };
		B04EEB1B1D14F5960042E1DC /* ExpandTextView.m */ = {isa = PBXFileReference; fileEncoding = 4; lastKnownFileType = sourcecode.c.objc; path = ExpandTextView.m; sourceTree = "<group>"; };
		B04EEB1D1D14F5B40042E1DC /* ShowTextViewVC.h */ = {isa = PBXFileReference; fileEncoding = 4; lastKnownFileType = sourcecode.c.h; path = ShowTextViewVC.h; sourceTree = "<group>"; };
		B04EEB1E1D14F5B50042E1DC /* ShowTextViewVC.m */ = {isa = PBXFileReference; fileEncoding = 4; lastKnownFileType = sourcecode.c.objc; path = ShowTextViewVC.m; sourceTree = "<group>"; };
/* End PBXFileReference section */

/* Begin PBXFrameworksBuildPhase section */
		A027B4401BEAE6B0007EE0D9 /* Frameworks */ = {
			isa = PBXFrameworksBuildPhase;
			buildActionMask = 2147483647;
			files = (
			);
			runOnlyForDeploymentPostprocessing = 0;
		};
		A027B4591BEAE6B0007EE0D9 /* Frameworks */ = {
			isa = PBXFrameworksBuildPhase;
			buildActionMask = 2147483647;
			files = (
			);
			runOnlyForDeploymentPostprocessing = 0;
		};
		A027B4641BEAE6B0007EE0D9 /* Frameworks */ = {
			isa = PBXFrameworksBuildPhase;
			buildActionMask = 2147483647;
			files = (
			);
			runOnlyForDeploymentPostprocessing = 0;
		};
/* End PBXFrameworksBuildPhase section */

/* Begin PBXGroup section */
		A027B43A1BEAE6B0007EE0D9 = {
			isa = PBXGroup;
			children = (
				A027B4451BEAE6B0007EE0D9 /* ViewToolProduct */,
				A027B45F1BEAE6B0007EE0D9 /* ViewToolProductTests */,
				A027B46A1BEAE6B0007EE0D9 /* ViewToolProductUITests */,
				A027B4441BEAE6B0007EE0D9 /* Products */,
			);
			sourceTree = "<group>";
		};
		A027B4441BEAE6B0007EE0D9 /* Products */ = {
			isa = PBXGroup;
			children = (
				A027B4431BEAE6B0007EE0D9 /* ViewToolProduct.app */,
				A027B45C1BEAE6B0007EE0D9 /* ViewToolProductTests.xctest */,
				A027B4671BEAE6B0007EE0D9 /* ViewToolProductUITests.xctest */,
			);
			name = Products;
			sourceTree = "<group>";
		};
		A027B4451BEAE6B0007EE0D9 /* ViewToolProduct */ = {
			isa = PBXGroup;
			children = (
				A070C1161BEAEB7500C52EF5 /* Common */,
				A027B4791BEAE6E1007EE0D9 /* UIViewController */,
				A027B4491BEAE6B0007EE0D9 /* AppDelegate.h */,
				A027B44A1BEAE6B0007EE0D9 /* AppDelegate.m */,
				A027B4521BEAE6B0007EE0D9 /* Assets.xcassets */,
				A027B4541BEAE6B0007EE0D9 /* LaunchScreen.storyboard */,
				A027B4571BEAE6B0007EE0D9 /* Info.plist */,
				A027B4461BEAE6B0007EE0D9 /* Supporting Files */,
			);
			path = ViewToolProduct;
			sourceTree = "<group>";
		};
		A027B4461BEAE6B0007EE0D9 /* Supporting Files */ = {
			isa = PBXGroup;
			children = (
				A027B4471BEAE6B0007EE0D9 /* main.m */,
			);
			name = "Supporting Files";
			sourceTree = "<group>";
		};
		A027B45F1BEAE6B0007EE0D9 /* ViewToolProductTests */ = {
			isa = PBXGroup;
			children = (
				A027B4601BEAE6B0007EE0D9 /* ViewToolProductTests.m */,
				A027B4621BEAE6B0007EE0D9 /* Info.plist */,
			);
			path = ViewToolProductTests;
			sourceTree = "<group>";
		};
		A027B46A1BEAE6B0007EE0D9 /* ViewToolProductUITests */ = {
			isa = PBXGroup;
			children = (
				A027B46B1BEAE6B0007EE0D9 /* ViewToolProductUITests.m */,
				A027B46D1BEAE6B0007EE0D9 /* Info.plist */,
			);
			path = ViewToolProductUITests;
			sourceTree = "<group>";
		};
		A027B4791BEAE6E1007EE0D9 /* UIViewController */ = {
			isa = PBXGroup;
			children = (
				A027B47A1BEAE6F2007EE0D9 /* HomeViewController.h */,
				A027B47B1BEAE6F2007EE0D9 /* HomeViewController.m */,
				B04EEB181D14F5960042E1DC /* ShowTextViewVC */,
				A070C1121BEAE87100C52EF5 /* CalculatorViewController */,
			);
			path = UIViewController;
			sourceTree = "<group>";
		};
		A070C1121BEAE87100C52EF5 /* CalculatorViewController */ = {
			isa = PBXGroup;
			children = (
				A070C1131BEAE8A100C52EF5 /* CalculatorViewController.h */,
				A070C1141BEAE8A100C52EF5 /* CalculatorViewController.m */,
				A070C1181BEAEC7E00C52EF5 /* View */,
			);
			path = CalculatorViewController;
			sourceTree = "<group>";
		};
		A070C1161BEAEB7500C52EF5 /* Common */ = {
			isa = PBXGroup;
			children = (
				A070C1171BEAEB7500C52EF5 /* Common.h */,
			);
			path = Common;
			sourceTree = "<group>";
		};
		A070C1181BEAEC7E00C52EF5 /* View */ = {
			isa = PBXGroup;
			children = (
				A070C1191BEAECE600C52EF5 /* CalculatorCell.h */,
				A070C11A1BEAECE600C52EF5 /* CalculatorCell.m */,
			);
			name = View;
			sourceTree = "<group>";
		};
		B04EEB181D14F5960042E1DC /* ShowTextViewVC */ = {
			isa = PBXGroup;
			children = (
				B04EEB1D1D14F5B40042E1DC /* ShowTextViewVC.h */,
				B04EEB1E1D14F5B50042E1DC /* ShowTextViewVC.m */,
				B04EEB191D14F5960042E1DC /* TextViewExtend */,
			);
			path = ShowTextViewVC;
			sourceTree = "<group>";
		};
		B04EEB191D14F5960042E1DC /* TextViewExtend */ = {
			isa = PBXGroup;
			children = (
				B04EEB1A1D14F5960042E1DC /* ExpandTextView.h */,
				B04EEB1B1D14F5960042E1DC /* ExpandTextView.m */,
			);
			path = TextViewExtend;
			sourceTree = "<group>";
		};
/* End PBXGroup section */

/* Begin PBXNativeTarget section */
		A027B4421BEAE6B0007EE0D9 /* ViewToolProduct */ = {
			isa = PBXNativeTarget;
			buildConfigurationList = A027B4701BEAE6B0007EE0D9 /* Build configuration list for PBXNativeTarget "ViewToolProduct" */;
			buildPhases = (
				A027B43F1BEAE6B0007EE0D9 /* Sources */,
				A027B4401BEAE6B0007EE0D9 /* Frameworks */,
				A027B4411BEAE6B0007EE0D9 /* Resources */,
			);
			buildRules = (
			);
			dependencies = (
			);
			name = ViewToolProduct;
			productName = ViewToolProduct;
			productReference = A027B4431BEAE6B0007EE0D9 /* ViewToolProduct.app */;
			productType = "com.apple.product-type.application";
		};
		A027B45B1BEAE6B0007EE0D9 /* ViewToolProductTests */ = {
			isa = PBXNativeTarget;
			buildConfigurationList = A027B4731BEAE6B0007EE0D9 /* Build configuration list for PBXNativeTarget "ViewToolProductTests" */;
			buildPhases = (
				A027B4581BEAE6B0007EE0D9 /* Sources */,
				A027B4591BEAE6B0007EE0D9 /* Frameworks */,
				A027B45A1BEAE6B0007EE0D9 /* Resources */,
			);
			buildRules = (
			);
			dependencies = (
				A027B45E1BEAE6B0007EE0D9 /* PBXTargetDependency */,
			);
			name = ViewToolProductTests;
			productName = ViewToolProductTests;
			productReference = A027B45C1BEAE6B0007EE0D9 /* ViewToolProductTests.xctest */;
			productType = "com.apple.product-type.bundle.unit-test";
		};
		A027B4661BEAE6B0007EE0D9 /* ViewToolProductUITests */ = {
			isa = PBXNativeTarget;
			buildConfigurationList = A027B4761BEAE6B0007EE0D9 /* Build configuration list for PBXNativeTarget "ViewToolProductUITests" */;
			buildPhases = (
				A027B4631BEAE6B0007EE0D9 /* Sources */,
				A027B4641BEAE6B0007EE0D9 /* Frameworks */,
				A027B4651BEAE6B0007EE0D9 /* Resources */,
			);
			buildRules = (
			);
			dependencies = (
				A027B4691BEAE6B0007EE0D9 /* PBXTargetDependency */,
			);
			name = ViewToolProductUITests;
			productName = ViewToolProductUITests;
			productReference = A027B4671BEAE6B0007EE0D9 /* ViewToolProductUITests.xctest */;
			productType = "com.apple.product-type.bundle.ui-testing";
		};
/* End PBXNativeTarget section */

/* Begin PBXProject section */
		A027B43B1BEAE6B0007EE0D9 /* Project object */ = {
			isa = PBXProject;
			attributes = {
				LastUpgradeCheck = 0710;
				ORGANIZATIONNAME = 1card1;
				TargetAttributes = {
					A027B4421BEAE6B0007EE0D9 = {
						CreatedOnToolsVersion = 7.1;
						DevelopmentTeam = EVQBS5VXGD;
					};
					A027B45B1BEAE6B0007EE0D9 = {
						CreatedOnToolsVersion = 7.1;
						DevelopmentTeam = 4L96FSF59R;
						TestTargetID = A027B4421BEAE6B0007EE0D9;
					};
					A027B4661BEAE6B0007EE0D9 = {
						CreatedOnToolsVersion = 7.1;
						DevelopmentTeam = 4L96FSF59R;
						TestTargetID = A027B4421BEAE6B0007EE0D9;
					};
				};
			};
			buildConfigurationList = A027B43E1BEAE6B0007EE0D9 /* Build configuration list for PBXProject "ViewToolProduct" */;
			compatibilityVersion = "Xcode 3.2";
			developmentRegion = English;
			hasScannedForEncodings = 0;
			knownRegions = (
				en,
				Base,
			);
			mainGroup = A027B43A1BEAE6B0007EE0D9;
			productRefGroup = A027B4441BEAE6B0007EE0D9 /* Products */;
			projectDirPath = "";
			projectRoot = "";
			targets = (
				A027B4421BEAE6B0007EE0D9 /* ViewToolProduct */,
				A027B45B1BEAE6B0007EE0D9 /* ViewToolProductTests */,
				A027B4661BEAE6B0007EE0D9 /* ViewToolProductUITests */,
			);
		};
/* End PBXProject section */

/* Begin PBXResourcesBuildPhase section */
		A027B4411BEAE6B0007EE0D9 /* Resources */ = {
			isa = PBXResourcesBuildPhase;
			buildActionMask = 2147483647;
			files = (
				A027B4561BEAE6B0007EE0D9 /* LaunchScreen.storyboard in Resources */,
				A027B4531BEAE6B0007EE0D9 /* Assets.xcassets in Resources */,
			);
			runOnlyForDeploymentPostprocessing = 0;
		};
		A027B45A1BEAE6B0007EE0D9 /* Resources */ = {
			isa = PBXResourcesBuildPhase;
			buildActionMask = 2147483647;
			files = (
			);
			runOnlyForDeploymentPostprocessing = 0;
		};
		A027B4651BEAE6B0007EE0D9 /* Resources */ = {
			isa = PBXResourcesBuildPhase;
			buildActionMask = 2147483647;
			files = (
			);
			runOnlyForDeploymentPostprocessing = 0;
		};
/* End PBXResourcesBuildPhase section */

/* Begin PBXSourcesBuildPhase section */
		A027B43F1BEAE6B0007EE0D9 /* Sources */ = {
			isa = PBXSourcesBuildPhase;
			buildActionMask = 2147483647;
			files = (
				A027B44B1BEAE6B0007EE0D9 /* AppDelegate.m in Sources */,
				A027B4481BEAE6B0007EE0D9 /* main.m in Sources */,
				A070C1151BEAE8A100C52EF5 /* CalculatorViewController.m in Sources */,
				B04EEB1F1D14F5B50042E1DC /* ShowTextViewVC.m in Sources */,
				B04EEB1C1D14F5960042E1DC /* ExpandTextView.m in Sources */,
				A070C11B1BEAECE600C52EF5 /* CalculatorCell.m in Sources */,
				A027B47C1BEAE6F2007EE0D9 /* HomeViewController.m in Sources */,
			);
			runOnlyForDeploymentPostprocessing = 0;
		};
		A027B4581BEAE6B0007EE0D9 /* Sources */ = {
			isa = PBXSourcesBuildPhase;
			buildActionMask = 2147483647;
			files = (
				A027B4611BEAE6B0007EE0D9 /* ViewToolProductTests.m in Sources */,
			);
			runOnlyForDeploymentPostprocessing = 0;
		};
		A027B4631BEAE6B0007EE0D9 /* Sources */ = {
			isa = PBXSourcesBuildPhase;
			buildActionMask = 2147483647;
			files = (
				A027B46C1BEAE6B0007EE0D9 /* ViewToolProductUITests.m in Sources */,
			);
			runOnlyForDeploymentPostprocessing = 0;
		};
/* End PBXSourcesBuildPhase section */

/* Begin PBXTargetDependency section */
		A027B45E1BEAE6B0007EE0D9 /* PBXTargetDependency */ = {
			isa = PBXTargetDependency;
			target = A027B4421BEAE6B0007EE0D9 /* ViewToolProduct */;
			targetProxy = A027B45D1BEAE6B0007EE0D9 /* PBXContainerItemProxy */;
		};
		A027B4691BEAE6B0007EE0D9 /* PBXTargetDependency */ = {
			isa = PBXTargetDependency;
			target = A027B4421BEAE6B0007EE0D9 /* ViewToolProduct */;
			targetProxy = A027B4681BEAE6B0007EE0D9 /* PBXContainerItemProxy */;
		};
/* End PBXTargetDependency section */

/* Begin PBXVariantGroup section */
		A027B4541BEAE6B0007EE0D9 /* LaunchScreen.storyboard */ = {
			isa = PBXVariantGroup;
			children = (
				A027B4551BEAE6B0007EE0D9 /* Base */,
			);
			name = LaunchScreen.storyboard;
			sourceTree = "<group>";
		};
/* End PBXVariantGroup section */

/* Begin XCBuildConfiguration section */
		A027B46E1BEAE6B0007EE0D9 /* Debug */ = {
			isa = XCBuildConfiguration;
			buildSettings = {
				ALWAYS_SEARCH_USER_PATHS = NO;
				CLANG_CXX_LANGUAGE_STANDARD = "gnu++0x";
				CLANG_CXX_LIBRARY = "libc++";
				CLANG_ENABLE_MODULES = YES;
				CLANG_ENABLE_OBJC_ARC = YES;
				CLANG_WARN_BOOL_CONVERSION = YES;
				CLANG_WARN_CONSTANT_CONVERSION = YES;
				CLANG_WARN_DIRECT_OBJC_ISA_USAGE = YES_ERROR;
				CLANG_WARN_EMPTY_BODY = YES;
				CLANG_WARN_ENUM_CONVERSION = YES;
				CLANG_WARN_INT_CONVERSION = YES;
				CLANG_WARN_OBJC_ROOT_CLASS = YES_ERROR;
				CLANG_WARN_UNREACHABLE_CODE = YES;
				CLANG_WARN__DUPLICATE_METHOD_MATCH = YES;
				"CODE_SIGN_IDENTITY[sdk=iphoneos*]" = "iPhone Developer";
				COPY_PHASE_STRIP = NO;
				DEBUG_INFORMATION_FORMAT = dwarf;
				ENABLE_STRICT_OBJC_MSGSEND = YES;
				ENABLE_TESTABILITY = YES;
				GCC_C_LANGUAGE_STANDARD = gnu99;
				GCC_DYNAMIC_NO_PIC = NO;
				GCC_NO_COMMON_BLOCKS = YES;
				GCC_OPTIMIZATION_LEVEL = 0;
				GCC_PREPROCESSOR_DEFINITIONS = (
					"DEBUG=1",
					"$(inherited)",
				);
				GCC_WARN_64_TO_32_BIT_CONVERSION = YES;
				GCC_WARN_ABOUT_RETURN_TYPE = YES_ERROR;
				GCC_WARN_UNDECLARED_SELECTOR = YES;
				GCC_WARN_UNINITIALIZED_AUTOS = YES_AGGRESSIVE;
				GCC_WARN_UNUSED_FUNCTION = YES;
				GCC_WARN_UNUSED_VARIABLE = YES;
				IPHONEOS_DEPLOYMENT_TARGET = 9.1;
				MTL_ENABLE_DEBUG_INFO = YES;
				ONLY_ACTIVE_ARCH = YES;
				SDKROOT = iphoneos;
			};
			name = Debug;
		};
		A027B46F1BEAE6B0007EE0D9 /* Release */ = {
			isa = XCBuildConfiguration;
			buildSettings = {
				ALWAYS_SEARCH_USER_PATHS = NO;
				CLANG_CXX_LANGUAGE_STANDARD = "gnu++0x";
				CLANG_CXX_LIBRARY = "libc++";
				CLANG_ENABLE_MODULES = YES;
				CLANG_ENABLE_OBJC_ARC = YES;
				CLANG_WARN_BOOL_CONVERSION = YES;
				CLANG_WARN_CONSTANT_CONVERSION = YES;
				CLANG_WARN_DIRECT_OBJC_ISA_USAGE = YES_ERROR;
				CLANG_WARN_EMPTY_BODY = YES;
				CLANG_WARN_ENUM_CONVERSION = YES;
				CLANG_WARN_INT_CONVERSION = YES;
				CLANG_WARN_OBJC_ROOT_CLASS = YES_ERROR;
				CLANG_WARN_UNREACHABLE_CODE = YES;
				CLANG_WARN__DUPLICATE_METHOD_MATCH = YES;
				"CODE_SIGN_IDENTITY[sdk=iphoneos*]" = "iPhone Developer";
				COPY_PHASE_STRIP = NO;
				DEBUG_INFORMATION_FORMAT = "dwarf-with-dsym";
				ENABLE_NS_ASSERTIONS = NO;
				ENABLE_STRICT_OBJC_MSGSEND = YES;
				GCC_C_LANGUAGE_STANDARD = gnu99;
				GCC_NO_COMMON_BLOCKS = YES;
				GCC_WARN_64_TO_32_BIT_CONVERSION = YES;
				GCC_WARN_ABOUT_RETURN_TYPE = YES_ERROR;
				GCC_WARN_UNDECLARED_SELECTOR = YES;
				GCC_WARN_UNINITIALIZED_AUTOS = YES_AGGRESSIVE;
				GCC_WARN_UNUSED_FUNCTION = YES;
				GCC_WARN_UNUSED_VARIABLE = YES;
				IPHONEOS_DEPLOYMENT_TARGET = 9.1;
				MTL_ENABLE_DEBUG_INFO = NO;
				SDKROOT = iphoneos;
				VALIDATE_PRODUCT = YES;
			};
			name = Release;
		};
		A027B4711BEAE6B0007EE0D9 /* Debug */ = {
			isa = XCBuildConfiguration;
			buildSettings = {
				ASSETCATALOG_COMPILER_APPICON_NAME = AppIcon;
				CODE_SIGN_IDENTITY = "iPhone Developer";
				INFOPLIST_FILE = ViewToolProduct/Info.plist;
				LD_RUNPATH_SEARCH_PATHS = "$(inherited) @executable_path/Frameworks";
				PRODUCT_BUNDLE_IDENTIFIER = com.1Carda.ViewToolProduct;
				PRODUCT_NAME = "$(TARGET_NAME)";
			};
			name = Debug;
		};
		A027B4721BEAE6B0007EE0D9 /* Release */ = {
			isa = XCBuildConfiguration;
			buildSettings = {
				ASSETCATALOG_COMPILER_APPICON_NAME = AppIcon;
				CODE_SIGN_IDENTITY = "iPhone Developer";
				INFOPLIST_FILE = ViewToolProduct/Info.plist;
				LD_RUNPATH_SEARCH_PATHS = "$(inherited) @executable_path/Frameworks";
				PRODUCT_BUNDLE_IDENTIFIER = com.1Carda.ViewToolProduct;
				PRODUCT_NAME = "$(TARGET_NAME)";
			};
			name = Release;
		};
		A027B4741BEAE6B0007EE0D9 /* Debug */ = {
			isa = XCBuildConfiguration;
			buildSettings = {
				BUNDLE_LOADER = "$(TEST_HOST)";
				INFOPLIST_FILE = ViewToolProductTests/Info.plist;
				LD_RUNPATH_SEARCH_PATHS = "$(inherited) @executable_path/Frameworks @loader_path/Frameworks";
				PRODUCT_BUNDLE_IDENTIFIER = com.1Carda.ViewToolProductTests;
				PRODUCT_NAME = "$(TARGET_NAME)";
				TEST_HOST = "$(BUILT_PRODUCTS_DIR)/ViewToolProduct.app/ViewToolProduct";
			};
			name = Debug;
		};
		A027B4751BEAE6B0007EE0D9 /* Release */ = {
			isa = XCBuildConfiguration;
			buildSettings = {
				BUNDLE_LOADER = "$(TEST_HOST)";
				INFOPLIST_FILE = ViewToolProductTests/Info.plist;
				LD_RUNPATH_SEARCH_PATHS = "$(inherited) @executable_path/Frameworks @loader_path/Frameworks";
				PRODUCT_BUNDLE_IDENTIFIER = com.1Carda.ViewToolProductTests;
				PRODUCT_NAME = "$(TARGET_NAME)";
				TEST_HOST = "$(BUILT_PRODUCTS_DIR)/ViewToolProduct.app/ViewToolProduct";
			};
			name = Release;
		};
		A027B4771BEAE6B0007EE0D9 /* Debug */ = {
			isa = XCBuildConfiguration;
			buildSettings = {
				INFOPLIST_FILE = ViewToolProductUITests/Info.plist;
				LD_RUNPATH_SEARCH_PATHS = "$(inherited) @executable_path/Frameworks @loader_path/Frameworks";
				PRODUCT_BUNDLE_IDENTIFIER = com.1Carda.ViewToolProductUITests;
				PRODUCT_NAME = "$(TARGET_NAME)";
				TEST_TARGET_NAME = ViewToolProduct;
				USES_XCTRUNNER = YES;
			};
			name = Debug;
		};
		A027B4781BEAE6B0007EE0D9 /* Release */ = {
			isa = XCBuildConfiguration;
			buildSettings = {
				INFOPLIST_FILE = ViewToolProductUITests/Info.plist;
				LD_RUNPATH_SEARCH_PATHS = "$(inherited) @executable_path/Frameworks @loader_path/Frameworks";
				PRODUCT_BUNDLE_IDENTIFIER = com.1Carda.ViewToolProductUITests;
				PRODUCT_NAME = "$(TARGET_NAME)";
				TEST_TARGET_NAME = ViewToolProduct;
				USES_XCTRUNNER = YES;
			};
			name = Release;
		};
/* End XCBuildConfiguration section */

/* Begin XCConfigurationList section */
		A027B43E1BEAE6B0007EE0D9 /* Build configuration list for PBXProject "ViewToolProduct" */ = {
			isa = XCConfigurationList;
			buildConfigurations = (
				A027B46E1BEAE6B0007EE0D9 /* Debug */,
				A027B46F1BEAE6B0007EE0D9 /* Release */,
			);
			defaultConfigurationIsVisible = 0;
			defaultConfigurationName = Release;
		};
		A027B4701BEAE6B0007EE0D9 /* Build configuration list for PBXNativeTarget "ViewToolProduct" */ = {
			isa = XCConfigurationList;
			buildConfigurations = (
				A027B4711BEAE6B0007EE0D9 /* Debug */,
				A027B4721BEAE6B0007EE0D9 /* Release */,
			);
			defaultConfigurationIsVisible = 0;
			defaultConfigurationName = Release;
		};
		A027B4731BEAE6B0007EE0D9 /* Build configuration list for PBXNativeTarget "ViewToolProductTests" */ = {
			isa = XCConfigurationList;
			buildConfigurations = (
				A027B4741BEAE6B0007EE0D9 /* Debug */,
				A027B4751BEAE6B0007EE0D9 /* Release */,
			);
			defaultConfigurationIsVisible = 0;
			defaultConfigurationName = Release;
		};
		A027B4761BEAE6B0007EE0D9 /* Build configuration list for PBXNativeTarget "ViewToolProductUITests" */ = {
			isa = XCConfigurationList;
			buildConfigurations = (
				A027B4771BEAE6B0007EE0D9 /* Debug */,
				A027B4781BEAE6B0007EE0D9 /* Release */,
			);
			defaultConfigurationIsVisible = 0;
			defaultConfigurationName = Release;
		};
/* End XCConfigurationList section */
	};
	rootObject = A027B43B1BEAE6B0007EE0D9 /* Project object */;
}
